
Microsoft Visual Studio Solution File, Format Version 12.00
# Visual Studio 14
VisualStudioVersion = 14.0.25420.1
MinimumVisualStudioVersion = 10.0.40219.1
Project("{2150E333-8FDC-42A3-9474-1A3956D46DE8}") = "src", "src", "{89CBCD8A-BD63-41FA-AE88-C93815FFAA03}"
EndProject
Project("{2150E333-8FDC-42A3-9474-1A3956D46DE8}") = "Solution Items", "Solution Items", "{89257B38-79A6-4F3C-80F8-A47D2D687625}"
	ProjectSection(SolutionItems) = preProject
		global.json = global.json
	EndProjectSection
EndProject
Project("{8BB2217D-0F2D-49D1-97BC-3654ED321F3B}") = "TestAspNetCoreNew", "src\TestAspNetCoreNew\TestAspNetCoreNew.xproj", "{1F776F04-6AD5-4520-B79E-114CDE0A952F}"
EndProject
Global
	GlobalSection(SolutionConfigurationPlatforms) = preSolution
		Debug|Any CPU = Debug|Any CPU
		Release|Any CPU = Release|Any CPU
	EndGlobalSection
	GlobalSection(ProjectConfigurationPlatforms) = postSolution
		{1F776F04-6AD5-4520-B79E-114CDE0A952F}.Debug|Any CPU.ActiveCfg = Debug|Any CPU
		{1F776F04-6AD5-4520-B79E-114CDE0A952F}.Debug|Any CPU.Build.0 = Debug|Any CPU
		{1F776F04-6AD5-4520-B79E-114CDE0A952F}.Release|Any CPU.ActiveCfg = Release|Any CPU
		{1F776F04-6AD5-4520-B79E-114CDE0A952F}.Release|Any CPU.Build.0 = Release|Any CPU
	EndGlobalSection
	GlobalSection(SolutionProperties) = preSolution
		HideSolutionNode = FALSE
	EndGlobalSection
	GlobalSection(NestedProjects) = preSolution
		{1F776F04-6AD5-4520-B79E-114CDE0A952F} = {89CBCD8A-BD63-41FA-AE88-C93815FFAA03}
	EndGlobalSection
EndGlobal
